<?xml version="1.0" encoding="utf-8"?>
<Project ToolsVersion="4.0" xmlns="http://schemas.microsoft.com/developer/msbuild/2003">
  <ItemGroup>
    <Filter Include="Source Files">
      <UniqueIdentifier>{4FC737F1-C7A5-4376-A066-2A32D752A2FF}</UniqueIdentifier>
      <Extensions>cpp;c;cc;cxx;c++;cppm;ixx;def;odl;idl;hpj;bat;asm;asmx</Extensions>
    </Filter>
    <Filter Include="Header Files">
      <UniqueIdentifier>{93995380-89BD-4b04-88EB-625FBE52EBFB}</UniqueIdentifier>
      <Extensions>h;hh;hpp;hxx;h++;hm;inl;inc;ipp;xsd</Extensions>
    </Filter>
    <Filter Include="Resource Files">
      <UniqueIdentifier>{67DA6AB6-F800-4c08-8B7A-83BB121AAD01}</UniqueIdentifier>
      <Extensions>rc;ico;cur;bmp;dlg;rc2;rct;bin;rgs;gif;jpg;jpeg;jpe;resx;tiff;tif;png;wav;mfcribbon-ms</Extensions>
    </Filter>
    <Filter Include="Header Files\Engine">
      <UniqueIdentifier>{59c25996-dc09-46d6-a8ba-84ab149d8b44}</UniqueIdentifier>
    </Filter>
    <Filter Include="Header Files\Engine\States">
      <UniqueIdentifier>{38479383-f4b1-4f35-9de9-2db67ea560cb}</UniqueIdentifier>
    </Filter>
    <Filter Include="Source Files\Engine">
      <UniqueIdentifier>{e5bb44aa-2e51-4798-9e6d-fd78ae2bd814}</UniqueIdentifier>
    </Filter>
    <Filter Include="Source Files\Engine\States">
      <UniqueIdentifier>{bd87cb21-5b97-494b-b6ef-d48f3acfab65}</UniqueIdentifier>
    </Filter>
    <Filter Include="Header Files\Robot">
      <UniqueIdentifier>{a572fe42-c1ad-4019-ae82-266eb782c549}</UniqueIdentifier>
    </Filter>
    <Filter Include="Source Files\Robot">
      <UniqueIdentifier>{bf7c10fd-22d5-4565-9ab5-cc26cc4e3946}</UniqueIdentifier>
    </Filter>
  </ItemGroup>
  <ItemGroup>
    <ClCompile Include="Main.cpp">
      <Filter>Source Files</Filter>
    </ClCompile>
    <ClCompile Include="Game.cpp">
      <Filter>Source Files</Filter>
    </ClCompile>
    <ClCompile Include="Board.cpp">
      <Filter>Source Files</Filter>
    </ClCompile>
    <ClCompile Include="StateMachine.cpp">
      <Filter>Source Files\Engine\States</Filter>
    </ClCompile>
    <ClCompile Include="raylibCpp.cpp">
      <Filter>Source Files\Engine</Filter>
    </ClCompile>
    <ClCompile Include="DFSRobot.cpp">
      <Filter>Source Files\Robot</Filter>
    </ClCompile>
    <ClCompile Include="BFSRobot.cpp">
      <Filter>Source Files\Robot</Filter>
    </ClCompile>
    <ClCompile Include="Robot.cpp">
      <Filter>Source Files\Robot</Filter>
    </ClCompile>
    <ClCompile Include="RunningState.cpp">
      <Filter>Source Files\Engine\States</Filter>
    </ClCompile>
    <ClCompile Include="SetupState.cpp">
      <Filter>Source Files\Engine\States</Filter>
    </ClCompile>
    <ClCompile Include="FinishedState.cpp">
      <Filter>Source Files\Engine\States</Filter>
    </ClCompile>
  </ItemGroup>
  <ItemGroup>
    <ClInclude Include="Game.h">
      <Filter>Header Files</Filter>
    </ClInclude>
    <ClInclude Include="State.h">
      <Filter>Header Files\Engine\States</Filter>
    </ClInclude>
    <ClInclude Include="Board.h">
      <Filter>Header Files</Filter>
    </ClInclude>
    <ClInclude Include="Settings.h">
      <Filter>Header Files\Engine</Filter>
    </ClInclude>
    <ClInclude Include="raylibCpp.h">
      <Filter>Header Files\Engine</Filter>
    </ClInclude>
    <ClInclude Include="StateMachine.h">
      <Filter>Header Files\Engine\States</Filter>
    </ClInclude>
    <ClInclude Include="Vec2.h">
      <Filter>Header Files\Engine</Filter>
    </ClInclude>
    <ClInclude Include="Robot.h">
      <Filter>Header Files\Robot</Filter>
    </ClInclude>
    <ClInclude Include="DFSRobot.h">
      <Filter>Header Files\Robot</Filter>
    </ClInclude>
    <ClInclude Include="BFSRobot.h">
      <Filter>Header Files\Robot</Filter>
    </ClInclude>
    <ClInclude Include="RunningState.h">
      <Filter>Header Files\Engine\States</Filter>
    </ClInclude>
    <ClInclude Include="SetupState.h">
      <Filter>Header Files\Engine\States</Filter>
    </ClInclude>
    <ClInclude Include="FinishedState.h">
      <Filter>Header Files\Engine\States</Filter>
    </ClInclude>
  </ItemGroup>
</Project>